
Microsoft Visual Studio Solution File, Format Version 12.00
# Visual Studio 15
VisualStudioVersion = 15.0.26730.16
MinimumVisualStudioVersion = 10.0.40219.1
Project("{FAE04EC0-301F-11D3-BF4B-00C04F79EFBC}") = "WeatherForecast", "WeatherForecast\WeatherForecast.csproj", "{735BED1C-8FAD-4DAD-A92B-A1182066ADD3}"
EndProject
Global
	GlobalSection(SolutionConfigurationPlatforms) = preSolution
		Debug|Any CPU = Debug|Any CPU
		Release|Any CPU = Release|Any CPU
	EndGlobalSection
	GlobalSection(ProjectConfigurationPlatforms) = postSolution
		{735BED1C-8FAD-4DAD-A92B-A1182066ADD3}.Debug|Any CPU.ActiveCfg = Debug|Any CPU
		{735BED1C-8FAD-4DAD-A92B-A1182066ADD3}.Debug|Any CPU.Build.0 = Debug|Any CPU
		{735BED1C-8FAD-4DAD-A92B-A1182066ADD3}.Release|Any CPU.ActiveCfg = Release|Any CPU
		{735BED1C-8FAD-4DAD-A92B-A1182066ADD3}.Release|Any CPU.Build.0 = Release|Any CPU
	EndGlobalSection
	GlobalSection(SolutionProperties) = preSolution
		HideSolutionNode = FALSE
	EndGlobalSection
	GlobalSection(ExtensibilityGlobals) = postSolution
		SolutionGuid = {A141316A-9ED2-477F-BE7F-0C8EB3A35588}
	EndGlobalSection
EndGlobal
